
Microsoft Visual Studio Solution File, Format Version 12.00
# Visual Studio Version 16
VisualStudioVersion = 16.0.29709.97
MinimumVisualStudioVersion = 10.0.40219.1
Project("{FAE04EC0-301F-11D3-BF4B-00C04F79EFBC}") = "BEComentarios", "BEComentarios\BEComentarios.csproj", "{D7E871DB-C683-423C-83E4-D26627163BDA}"
EndProject
Global
	GlobalSection(SolutionConfigurationPlatforms) = preSolution
		Debug|Any CPU = Debug|Any CPU
		Release|Any CPU = Release|Any CPU
	EndGlobalSection
	GlobalSection(ProjectConfigurationPlatforms) = postSolution
		{D7E871DB-C683-423C-83E4-D26627163BDA}.Debug|Any CPU.ActiveCfg = Debug|Any CPU
		{D7E871DB-C683-423C-83E4-D26627163BDA}.Debug|Any CPU.Build.0 = Debug|Any CPU
		{D7E871DB-C683-423C-83E4-D26627163BDA}.Release|Any CPU.ActiveCfg = Release|Any CPU
		{D7E871DB-C683-423C-83E4-D26627163BDA}.Release|Any CPU.Build.0 = Release|Any CPU
	EndGlobalSection
	GlobalSection(SolutionProperties) = preSolution
		HideSolutionNode = FALSE
	EndGlobalSection
	GlobalSection(ExtensibilityGlobals) = postSolution
		SolutionGuid = {9EE46FBA-D2B2-4F08-B332-DD9B0AC5BF2E}
	EndGlobalSection
EndGlobal
